
Microsoft Visual Studio Solution File, Format Version 12.00
# Visual Studio Version 17
VisualStudioVersion = 17.9.34902.65
MinimumVisualStudioVersion = 10.0.40219.1
Project("{FAE04EC0-301F-11D3-BF4B-00C04F79EFBC}") = "DiceRoll", "DiceRoll\DiceRoll.csproj", "{A9C0C75C-BF32-4809-9F6F-969925ECBE9A}"
EndProject
Global
	GlobalSection(SolutionConfigurationPlatforms) = preSolution
		Debug|Any CPU = Debug|Any CPU
		Release|Any CPU = Release|Any CPU
	EndGlobalSection
	GlobalSection(ProjectConfigurationPlatforms) = postSolution
		{A9C0C75C-BF32-4809-9F6F-969925ECBE9A}.Debug|Any CPU.ActiveCfg = Debug|Any CPU
		{A9C0C75C-BF32-4809-9F6F-969925ECBE9A}.Debug|Any CPU.Build.0 = Debug|Any CPU
		{A9C0C75C-BF32-4809-9F6F-969925ECBE9A}.Debug|Any CPU.Deploy.0 = Debug|Any CPU
		{A9C0C75C-BF32-4809-9F6F-969925ECBE9A}.Release|Any CPU.ActiveCfg = Release|Any CPU
		{A9C0C75C-BF32-4809-9F6F-969925ECBE9A}.Release|Any CPU.Build.0 = Release|Any CPU
		{A9C0C75C-BF32-4809-9F6F-969925ECBE9A}.Release|Any CPU.Deploy.0 = Release|Any CPU
	EndGlobalSection
	GlobalSection(SolutionProperties) = preSolution
		HideSolutionNode = FALSE
	EndGlobalSection
	GlobalSection(ExtensibilityGlobals) = postSolution
		SolutionGuid = {815984DC-3276-4033-A635-38F7CBA55C4C}
	EndGlobalSection
EndGlobal
